// !$*UTF8*$!
{
	archiveVersion = 1;
	classes = {
	};
	objectVersion = 77;
	objects = {

/* Begin PBXBuildFile section */
		F6660CD72FAE43D70052197E /* FirebaseAuth in Frameworks */ = {isa = PBXBuildFile; productRef = F6660CD62FAE43D70052197E /* FirebaseAuth */; };
		F6660CD92FAE43D70052197E /* FirebaseFirestore in Frameworks */ = {isa = PBXBuildFile; productRef = F6660CD82FAE43D70052197E /* FirebaseFirestore */; };
		F6660CDE2FAE47F90052197E /* FirebaseCore in Frameworks */ = {isa = PBXBuildFile; productRef = F6660CDD2FAE47F90052197E /* FirebaseCore */; };
/* End PBXBuildFile section */

/* Begin PBXContainerItemProxy section */
		F6D000132F8B700000D70577 /* PBXContainerItemProxy */ = {
			isa = PBXContainerItemProxy;
			containerPortal = F6BD54092F8B683D00D70577 /* Project object */;
			proxyType = 1;
			remoteGlobalIDString = F6BD54102F8B683D00D70577;
			remoteInfo = AllerScan;
		};
		F6D000142F8B700000D70577 /* PBXContainerItemProxy */ = {
			isa = PBXContainerItemProxy;
			containerPortal = F6BD54092F8B683D00D70577 /* Project object */;
			proxyType = 1;
			remoteGlobalIDString = F6BD54102F8B683D00D70577;
			remoteInfo = AllerScan;
		};
/* End PBXContainerItemProxy section */

/* Begin PBXFileReference section */
		F6BD54112F8B683D00D70577 /* AllerScan.app */ = {isa = PBXFileReference; explicitFileType = wrapper.application; includeInIndex = 0; path = AllerScan.app; sourceTree = BUILT_PRODUCTS_DIR; };
		F6D000012F8B700000D70577 /* AllerScanTests.xctest */ = {isa = PBXFileReference; explicitFileType = wrapper.cfbundle; includeInIndex = 0; path = AllerScanTests.xctest; sourceTree = BUILT_PRODUCTS_DIR; };
		F6D000022F8B700000D70577 /* AllerScanUITests.xctest */ = {isa = PBXFileReference; explicitFileType = wrapper.cfbundle; includeInIndex = 0; path = AllerScanUITests.xctest; sourceTree = BUILT_PRODUCTS_DIR; };
/* End PBXFileReference section */

/* Begin PBXFileSystemSynchronizedBuildFileExceptionSet section */
		F6660CD22FAE2D1A0052197E /* Exceptions for "AllerScan" folder in "AllerScan" target */ = {
			isa = PBXFileSystemSynchronizedBuildFileExceptionSet;
			membershipExceptions = (
				Info.plist,
			);
			target = F6BD54102F8B683D00D70577 /* AllerScan */;
		};
/* End PBXFileSystemSynchronizedBuildFileExceptionSet section */

/* Begin PBXFileSystemSynchronizedRootGroup section */
		F6BD54132F8B683D00D70577 /* AllerScan */ = {
			isa = PBXFileSystemSynchronizedRootGroup;
			exceptions = (
				F6660CD22FAE2D1A0052197E /* Exceptions for "AllerScan" folder in "AllerScan" target */,
			);
			path = AllerScan;
			sourceTree = "<group>";
		};
		F6D000032F8B700000D70577 /* AllerScanTests */ = {
			isa = PBXFileSystemSynchronizedRootGroup;
			path = AllerScanTests;
			sourceTree = "<group>";
		};
		F6D000042F8B700000D70577 /* AllerScanUITests */ = {
			isa = PBXFileSystemSynchronizedRootGroup;
			path = AllerScanUITests;
			sourceTree = "<group>";
		};
/* End PBXFileSystemSynchronizedRootGroup section */

/* Begin PBXFrameworksBuildPhase section */
		F6BD540E2F8B683D00D70577 /* Frameworks */ = {
			isa = PBXFrameworksBuildPhase;
			buildActionMask = 2147483647;
			files = (
				F6660CD72FAE43D70052197E /* FirebaseAuth in Frameworks */,
				F6660CDE2FAE47F90052197E /* FirebaseCore in Frameworks */,
				F6660CD92FAE43D70052197E /* FirebaseFirestore in Frameworks */,
			);
			runOnlyForDeploymentPostprocessing = 0;
		};
		F6D000082F8B700000D70577 /* Frameworks */ = {
			isa = PBXFrameworksBuildPhase;
			buildActionMask = 2147483647;
			files = (
			);
			runOnlyForDeploymentPostprocessing = 0;
		};
		F6D0000D2F8B700000D70577 /* Frameworks */ = {
			isa = PBXFrameworksBuildPhase;
			buildActionMask = 2147483647;
			files = (
			);
			runOnlyForDeploymentPostprocessing = 0;
		};
/* End PBXFrameworksBuildPhase section */

/* Begin PBXGroup section */
		F6660CDC2FAE47F90052197E /* Frameworks */ = {
			isa = PBXGroup;
			children = (
			);
			name = Frameworks;
			sourceTree = "<group>";
		};
		F6BD54082F8B683D00D70577 = {
			isa = PBXGroup;
			children = (
				F6BD54132F8B683D00D70577 /* AllerScan */,
				F6D000032F8B700000D70577 /* AllerScanTests */,
				F6D000042F8B700000D70577 /* AllerScanUITests */,
				F6660CDC2FAE47F90052197E /* Frameworks */,
				F6BD54122F8B683D00D70577 /* Products */,
			);
			sourceTree = "<group>";
		};
		F6BD54122F8B683D00D70577 /* Products */ = {
			isa = PBXGroup;
			children = (
				F6BD54112F8B683D00D70577 /* AllerScan.app */,
				F6D000012F8B700000D70577 /* AllerScanTests.xctest */,
				F6D000022F8B700000D70577 /* AllerScanUITests.xctest */,
			);
			name = Products;
			sourceTree = "<group>";
		};
/* End PBXGroup section */

/* Begin PBXNativeTarget section */
		F6BD54102F8B683D00D70577 /* AllerScan */ = {
			isa = PBXNativeTarget;
			buildConfigurationList = F6BD541C2F8B683D00D70577 /* Build configuration list for PBXNativeTarget "AllerScan" */;
			buildPhases = (
				F6BD540D2F8B683D00D70577 /* Sources */,
				F6BD540E2F8B683D00D70577 /* Frameworks */,
				F6BD540F2F8B683D00D70577 /* Resources */,
			);
			buildRules = (
			);
			dependencies = (
			);
			fileSystemSynchronizedGroups = (
				F6BD54132F8B683D00D70577 /* AllerScan */,
			);
			name = AllerScan;
			packageProductDependencies = (
				F6660CD62FAE43D70052197E /* FirebaseAuth */,
				F6660CD82FAE43D70052197E /* FirebaseFirestore */,
				F6660CDD2FAE47F90052197E /* FirebaseCore */,
			);
			productName = AllerScan;
			productReference = F6BD54112F8B683D00D70577 /* AllerScan.app */;
			productType = "com.apple.product-type.application";
		};
		F6D000062F8B700000D70577 /* AllerScanTests */ = {
			isa = PBXNativeTarget;
			buildConfigurationList = F6D000172F8B700000D70577 /* Build configuration list for PBXNativeTarget "AllerScanTests" */;
			buildPhases = (
				F6D000072F8B700000D70577 /* Sources */,
				F6D000082F8B700000D70577 /* Frameworks */,
				F6D000092F8B700000D70577 /* Resources */,
			);
			buildRules = (
			);
			dependencies = (
				F6D000152F8B700000D70577 /* PBXTargetDependency */,
			);
			fileSystemSynchronizedGroups = (
				F6D000032F8B700000D70577 /* AllerScanTests */,
			);
			name = AllerScanTests;
			packageProductDependencies = (
			);
			productName = AllerScanTests;
			productReference = F6D000012F8B700000D70577 /* AllerScanTests.xctest */;
			productType = "com.apple.product-type.bundle.unit-test";
		};
		F6D0000B2F8B700000D70577 /* AllerScanUITests */ = {
			isa = PBXNativeTarget;
			buildConfigurationList = F6D0001A2F8B700000D70577 /* Build configuration list for PBXNativeTarget "AllerScanUITests" */;
			buildPhases = (
				F6D0000C2F8B700000D70577 /* Sources */,
				F6D0000D2F8B700000D70577 /* Frameworks */,
				F6D0000E2F8B700000D70577 /* Resources */,
			);
			buildRules = (
			);
			dependencies = (
				F6D000162F8B700000D70577 /* PBXTargetDependency */,
			);
			fileSystemSynchronizedGroups = (
				F6D000042F8B700000D70577 /* AllerScanUITests */,
			);
			name = AllerScanUITests;
			packageProductDependencies = (
			);
			productName = AllerScanUITests;
			productReference = F6D000022F8B700000D70577 /* AllerScanUITests.xctest */;
			productType = "com.apple.product-type.bundle.ui-testing";
		};
/* End PBXNativeTarget section */

/* Begin PBXProject section */
		F6BD54092F8B683D00D70577 /* Project object */ = {
			isa = PBXProject;
			attributes = {
				BuildIndependentTargetsInParallel = 1;
				LastSwiftUpdateCheck = 2620;
				LastUpgradeCheck = 2620;
				TargetAttributes = {
					F6BD54102F8B683D00D70577 = {
						CreatedOnToolsVersion = 26.2;
					};
					F6D000062F8B700000D70577 = {
						CreatedOnToolsVersion = 26.2;
						TestTargetID = F6BD54102F8B683D00D70577;
					};
					F6D0000B2F8B700000D70577 = {
						CreatedOnToolsVersion = 26.2;
						TestTargetID = F6BD54102F8B683D00D70577;
					};
				};
			};
			buildConfigurationList = F6BD540C2F8B683D00D70577 /* Build configuration list for PBXProject "AllerScan" */;
			developmentRegion = en;
			hasScannedForEncodings = 0;
			knownRegions = (
				en,
				Base,
			);
			mainGroup = F6BD54082F8B683D00D70577;
			minimizedProjectReferenceProxies = 1;
			packageReferences = (
				F6660CD52FAE43D70052197E /* XCRemoteSwiftPackageReference "firebase-ios-sdk" */,
			);
			preferredProjectObjectVersion = 77;
			productRefGroup = F6BD54122F8B683D00D70577 /* Products */;
			projectDirPath = "";
			projectRoot = "";
			targets = (
				F6BD54102F8B683D00D70577 /* AllerScan */,
				F6D000062F8B700000D70577 /* AllerScanTests */,
				F6D0000B2F8B700000D70577 /* AllerScanUITests */,
			);
		};
/* End PBXProject section */

/* Begin PBXResourcesBuildPhase section */
		F6BD540F2F8B683D00D70577 /* Resources */ = {
			isa = PBXResourcesBuildPhase;
			buildActionMask = 2147483647;
			files = (
			);
			runOnlyForDeploymentPostprocessing = 0;
		};
		F6D000092F8B700000D70577 /* Resources */ = {
			isa = PBXResourcesBuildPhase;
			buildActionMask = 2147483647;
			files = (
			);
			runOnlyForDeploymentPostprocessing = 0;
		};
		F6D0000E2F8B700000D70577 /* Resources */ = {
			isa = PBXResourcesBuildPhase;
			buildActionMask = 2147483647;
			files = (
			);
			runOnlyForDeploymentPostprocessing = 0;
		};
/* End PBXResourcesBuildPhase section */

/* Begin PBXSourcesBuildPhase section */
		F6BD540D2F8B683D00D70577 /* Sources */ = {
			isa = PBXSourcesBuildPhase;
			buildActionMask = 2147483647;
			files = (
			);
			runOnlyForDeploymentPostprocessing = 0;
		};
		F6D000072F8B700000D70577 /* Sources */ = {
			isa = PBXSourcesBuildPhase;
			buildActionMask = 2147483647;
			files = (
			);
			runOnlyForDeploymentPostprocessing = 0;
		};
		F6D0000C2F8B700000D70577 /* Sources */ = {
			isa = PBXSourcesBuildPhase;
			buildActionMask = 2147483647;
			files = (
			);
			runOnlyForDeploymentPostprocessing = 0;
		};
/* End PBXSourcesBuildPhase section */

/* Begin PBXTargetDependency section */
		F6D000152F8B700000D70577 /* PBXTargetDependency */ = {
			isa = PBXTargetDependency;
			target = F6BD54102F8B683D00D70577 /* AllerScan */;
			targetProxy = F6D000132F8B700000D70577 /* PBXContainerItemProxy */;
		};
		F6D000162F8B700000D70577 /* PBXTargetDependency */ = {
			isa = PBXTargetDependency;
			target = F6BD54102F8B683D00D70577 /* AllerScan */;
			targetProxy = F6D000142F8B700000D70577 /* PBXContainerItemProxy */;
		};
/* End PBXTargetDependency section */

/* Begin XCBuildConfiguration section */
		F6BD541A2F8B683D00D70577 /* Debug */ = {
			isa = XCBuildConfiguration;
			buildSettings = {
				ALWAYS_SEARCH_USER_PATHS = NO;
				ASSETCATALOG_COMPILER_GENERATE_SWIFT_ASSET_SYMBOL_EXTENSIONS = YES;
				CLANG_ANALYZER_NONNULL = YES;
				CLANG_ANALYZER_NUMBER_OBJECT_CONVERSION = YES_AGGRESSIVE;
				CLANG_CXX_LANGUAGE_STANDARD = "gnu++20";
				CLANG_ENABLE_MODULES = YES;
				CLANG_ENABLE_OBJC_ARC = YES;
				CLANG_ENABLE_OBJC_WEAK = YES;
				CLANG_WARN_BLOCK_CAPTURE_AUTORELEASING = YES;
				CLANG_WARN_BOOL_CONVERSION = YES;
				CLANG_WARN_COMMA = YES;
				CLANG_WARN_CONSTANT_CONVERSION = YES;
				CLANG_WARN_DEPRECATED_OBJC_IMPLEMENTATIONS = YES;
				CLANG_WARN_DIRECT_OBJC_ISA_USAGE = YES_ERROR;
				CLANG_WARN_DOCUMENTATION_COMMENTS = YES;
				CLANG_WARN_EMPTY_BODY = YES;
				CLANG_WARN_ENUM_CONVERSION = YES;
				CLANG_WARN_INFINITE_RECURSION = YES;
				CLANG_WARN_INT_CONVERSION = YES;
				CLANG_WARN_NON_LITERAL_NULL_CONVERSION = YES;
				CLANG_WARN_OBJC_IMPLICIT_RETAIN_SELF = YES;
				CLANG_WARN_OBJC_LITERAL_CONVERSION = YES;
				CLANG_WARN_OBJC_ROOT_CLASS = YES_ERROR;
				CLANG_WARN_QUOTED_INCLUDE_IN_FRAMEWORK_HEADER = YES;
				CLANG_WARN_RANGE_LOOP_ANALYSIS = YES;
				CLANG_WARN_STRICT_PROTOTYPES = YES;
				CLANG_WARN_SUSPICIOUS_MOVE = YES;
				CLANG_WARN_UNGUARDED_AVAILABILITY = YES_AGGRESSIVE;
				CLANG_WARN_UNREACHABLE_CODE = YES;
				CLANG_WARN__DUPLICATE_METHOD_MATCH = YES;
				COPY_PHASE_STRIP = NO;
				DEBUG_INFORMATION_FORMAT = dwarf;
				ENABLE_STRICT_OBJC_MSGSEND = YES;
				ENABLE_TESTABILITY = YES;
				ENABLE_USER_SCRIPT_SANDBOXING = YES;
				GCC_C_LANGUAGE_STANDARD = gnu17;
				GCC_DYNAMIC_NO_PIC = NO;
				GCC_NO_COMMON_BLOCKS = YES;
				GCC_OPTIMIZATION_LEVEL = 0;
				GCC_PREPROCESSOR_DEFINITIONS = (
					"DEBUG=1",
					"$(inherited)",
				);
				GCC_WARN_64_TO_32_BIT_CONVERSION = YES;
				GCC_WARN_ABOUT_RETURN_TYPE = YES_ERROR;
				GCC_WARN_UNDECLARED_SELECTOR = YES;
				GCC_WARN_UNINITIALIZED_AUTOS = YES_AGGRESSIVE;
				GCC_WARN_UNUSED_FUNCTION = YES;
				GCC_WARN_UNUSED_VARIABLE = YES;
				IPHONEOS_DEPLOYMENT_TARGET = 26.2;
				LOCALIZATION_PREFERS_STRING_CATALOGS = YES;
				MTL_ENABLE_DEBUG_INFO = INCLUDE_SOURCE;
				MTL_FAST_MATH = YES;
				ONLY_ACTIVE_ARCH = YES;
				SDKROOT = iphoneos;
				SWIFT_ACTIVE_COMPILATION_CONDITIONS = "DEBUG $(inherited)";
				SWIFT_OPTIMIZATION_LEVEL = "-Onone";
			};
			name = Debug;
		};
		F6BD541B2F8B683D00D70577 /* Release */ = {
			isa = XCBuildConfiguration;
			buildSettings = {
				ALWAYS_SEARCH_USER_PATHS = NO;
				ASSETCATALOG_COMPILER_GENERATE_SWIFT_ASSET_SYMBOL_EXTENSIONS = YES;
				CLANG_ANALYZER_NONNULL = YES;
				CLANG_ANALYZER_NUMBER_OBJECT_CONVERSION = YES_AGGRESSIVE;
				CLANG_CXX_LANGUAGE_STANDARD = "gnu++20";
				CLANG_ENABLE_MODULES = YES;
				CLANG_ENABLE_OBJC_ARC = YES;
				CLANG_ENABLE_OBJC_WEAK = YES;
				CLANG_WARN_BLOCK_CAPTURE_AUTORELEASING = YES;
				CLANG_WARN_BOOL_CONVERSION = YES;
				CLANG_WARN_COMMA = YES;
				CLANG_WARN_CONSTANT_CONVERSION = YES;
				CLANG_WARN_DEPRECATED_OBJC_IMPLEMENTATIONS = YES;
				CLANG_WARN_DIRECT_OBJC_ISA_USAGE = YES_ERROR;
				CLANG_WARN_DOCUMENTATION_COMMENTS = YES;
				CLANG_WARN_EMPTY_BODY = YES;
				CLANG_WARN_ENUM_CONVERSION = YES;
				CLANG_WARN_INFINITE_RECURSION = YES;
				CLANG_WARN_INT_CONVERSION = YES;
				CLANG_WARN_NON_LITERAL_NULL_CONVERSION = YES;
				CLANG_WARN_OBJC_IMPLICIT_RETAIN_SELF = YES;
				CLANG_WARN_OBJC_LITERAL_CONVERSION = YES;
				CLANG_WARN_OBJC_ROOT_CLASS = YES_ERROR;
				CLANG_WARN_QUOTED_INCLUDE_IN_FRAMEWORK_HEADER = YES;
				CLANG_WARN_RANGE_LOOP_ANALYSIS = YES;
				CLANG_WARN_STRICT_PROTOTYPES = YES;
				CLANG_WARN_SUSPICIOUS_MOVE = YES;
				CLANG_WARN_UNGUARDED_AVAILABILITY = YES_AGGRESSIVE;
				CLANG_WARN_UNREACHABLE_CODE = YES;
				CLANG_WARN__DUPLICATE_METHOD_MATCH = YES;
				COPY_PHASE_STRIP = NO;
				DEBUG_INFORMATION_FORMAT = "dwarf-with-dsym";
				ENABLE_NS_ASSERTIONS = NO;
				ENABLE_STRICT_OBJC_MSGSEND = YES;
				ENABLE_USER_SCRIPT_SANDBOXING = YES;
				GCC_C_LANGUAGE_STANDARD = gnu17;
				GCC_NO_COMMON_BLOCKS = YES;
				GCC_WARN_64_TO_32_BIT_CONVERSION = YES;
				GCC_WARN_ABOUT_RETURN_TYPE = YES_ERROR;
				GCC_WARN_UNDECLARED_SELECTOR = YES;
				GCC_WARN_UNINITIALIZED_AUTOS = YES_AGGRESSIVE;
				GCC_WARN_UNUSED_FUNCTION = YES;
				GCC_WARN_UNUSED_VARIABLE = YES;
				IPHONEOS_DEPLOYMENT_TARGET = 26.2;
				LOCALIZATION_PREFERS_STRING_CATALOGS = YES;
				MTL_ENABLE_DEBUG_INFO = NO;
				MTL_FAST_MATH = YES;
				SDKROOT = iphoneos;
				SWIFT_COMPILATION_MODE = wholemodule;
				VALIDATE_PRODUCT = YES;
			};
			name = Release;
		};
		F6BD541D2F8B683D00D70577 /* Debug */ = {
			isa = XCBuildConfiguration;
			buildSettings = {
				ASSETCATALOG_COMPILER_APPICON_NAME = AppIcon;
				ASSETCATALOG_COMPILER_GLOBAL_ACCENT_COLOR_NAME = AccentColor;
				CODE_SIGN_STYLE = Automatic;
				CURRENT_PROJECT_VERSION = 1;
				DEVELOPMENT_TEAM = SMPKXAMPVC;
				ENABLE_PREVIEWS = YES;
				GENERATE_INFOPLIST_FILE = YES;
				INFOPLIST_FILE = AllerScan/Info.plist;
				INFOPLIST_KEY_NSCameraUsageDescription = "AllerScan uses the camera to scan ingredient labels.";
				INFOPLIST_KEY_NSFaceIDUsageDescription = "AllerScan uses Face ID or Touch ID to protect your allergy profile.";
				INFOPLIST_KEY_NSLocationWhenInUseUsageDescription = "AllerScan needs your location only when you use the emergency alert button — your location is included in the SMS sent to your emergency contact so they can find you fast.";
				INFOPLIST_KEY_UIApplicationSceneManifest_Generation = YES;
				INFOPLIST_KEY_UIApplicationSupportsIndirectInputEvents = YES;
				INFOPLIST_KEY_UILaunchScreen_Generation = YES;
				INFOPLIST_KEY_UISupportedInterfaceOrientations_iPad = "UIInterfaceOrientationPortrait UIInterfaceOrientationPortraitUpsideDown UIInterfaceOrientationLandscapeLeft UIInterfaceOrientationLandscapeRight";
				INFOPLIST_KEY_UISupportedInterfaceOrientations_iPhone = "UIInterfaceOrientationPortrait UIInterfaceOrientationLandscapeLeft UIInterfaceOrientationLandscapeRight";
				LD_RUNPATH_SEARCH_PATHS = (
					"$(inherited)",
					"@executable_path/Frameworks",
				);
				MARKETING_VERSION = 1.0;
				PRODUCT_BUNDLE_IDENTIFIER = gimz.AllerScan;
				PRODUCT_NAME = "$(TARGET_NAME)";
				STRING_CATALOG_GENERATE_SYMBOLS = YES;
				SWIFT_APPROACHABLE_CONCURRENCY = YES;
				SWIFT_DEFAULT_ACTOR_ISOLATION = MainActor;
				SWIFT_EMIT_LOC_STRINGS = YES;
				SWIFT_UPCOMING_FEATURE_MEMBER_IMPORT_VISIBILITY = YES;
				SWIFT_VERSION = 5.0;
				TARGETED_DEVICE_FAMILY = "1,2";
			};
			name = Debug;
		};
		F6BD541E2F8B683D00D70577 /* Release */ = {
			isa = XCBuildConfiguration;
			buildSettings = {
				ASSETCATALOG_COMPILER_APPICON_NAME = AppIcon;
				ASSETCATALOG_COMPILER_GLOBAL_ACCENT_COLOR_NAME = AccentColor;
				CODE_SIGN_STYLE = Automatic;
				CURRENT_PROJECT_VERSION = 1;
				DEVELOPMENT_TEAM = SMPKXAMPVC;
				ENABLE_PREVIEWS = YES;
				GENERATE_INFOPLIST_FILE = YES;
				INFOPLIST_FILE = AllerScan/Info.plist;
				INFOPLIST_KEY_NSCameraUsageDescription = "AllerScan uses the camera to scan ingredient labels.";
				INFOPLIST_KEY_NSFaceIDUsageDescription = "AllerScan uses Face ID or Touch ID to protect your allergy profile.";
				INFOPLIST_KEY_NSLocationWhenInUseUsageDescription = "AllerScan needs your location only when you use the emergency alert button — your location is included in the SMS sent to your emergency contact so they can find you fast.";
				INFOPLIST_KEY_UIApplicationSceneManifest_Generation = YES;
				INFOPLIST_KEY_UIApplicationSupportsIndirectInputEvents = YES;
				INFOPLIST_KEY_UILaunchScreen_Generation = YES;
				INFOPLIST_KEY_UISupportedInterfaceOrientations_iPad = "UIInterfaceOrientationPortrait UIInterfaceOrientationPortraitUpsideDown UIInterfaceOrientationLandscapeLeft UIInterfaceOrientationLandscapeRight";
				INFOPLIST_KEY_UISupportedInterfaceOrientations_iPhone = "UIInterfaceOrientationPortrait UIInterfaceOrientationLandscapeLeft UIInterfaceOrientationLandscapeRight";
				LD_RUNPATH_SEARCH_PATHS = (
					"$(inherited)",
					"@executable_path/Frameworks",
				);
				MARKETING_VERSION = 1.0;
				PRODUCT_BUNDLE_IDENTIFIER = gimz.AllerScan;
				PRODUCT_NAME = "$(TARGET_NAME)";
				STRING_CATALOG_GENERATE_SYMBOLS = YES;
				SWIFT_APPROACHABLE_CONCURRENCY = YES;
				SWIFT_DEFAULT_ACTOR_ISOLATION = MainActor;
				SWIFT_EMIT_LOC_STRINGS = YES;
				SWIFT_UPCOMING_FEATURE_MEMBER_IMPORT_VISIBILITY = YES;
				SWIFT_VERSION = 5.0;
				TARGETED_DEVICE_FAMILY = "1,2";
			};
			name = Release;
		};
		F6D000182F8B700000D70577 /* Debug */ = {
			isa = XCBuildConfiguration;
			buildSettings = {
				BUNDLE_LOADER = "$(TEST_HOST)";
				CODE_SIGN_STYLE = Automatic;
				CURRENT_PROJECT_VERSION = 1;
				GENERATE_INFOPLIST_FILE = YES;
				IPHONEOS_DEPLOYMENT_TARGET = 26.2;
				MARKETING_VERSION = 1.0;
				PRODUCT_BUNDLE_IDENTIFIER = gimz.AllerScanTests;
				PRODUCT_NAME = "$(TARGET_NAME)";
				STRING_CATALOG_GENERATE_SYMBOLS = YES;
				SWIFT_APPROACHABLE_CONCURRENCY = YES;
				SWIFT_DEFAULT_ACTOR_ISOLATION = MainActor;
				SWIFT_UPCOMING_FEATURE_MEMBER_IMPORT_VISIBILITY = YES;
				SWIFT_VERSION = 5.0;
				TARGETED_DEVICE_FAMILY = "1,2";
				TEST_HOST = "$(BUILT_PRODUCTS_DIR)/AllerScan.app/$(BUNDLE_EXECUTABLE_FOLDER_PATH)/AllerScan";
			};
			name = Debug;
		};
		F6D000192F8B700000D70577 /* Release */ = {
			isa = XCBuildConfiguration;
			buildSettings = {
				BUNDLE_LOADER = "$(TEST_HOST)";
				CODE_SIGN_STYLE = Automatic;
				CURRENT_PROJECT_VERSION = 1;
				GENERATE_INFOPLIST_FILE = YES;
				IPHONEOS_DEPLOYMENT_TARGET = 26.2;
				MARKETING_VERSION = 1.0;
				PRODUCT_BUNDLE_IDENTIFIER = gimz.AllerScanTests;
				PRODUCT_NAME = "$(TARGET_NAME)";
				STRING_CATALOG_GENERATE_SYMBOLS = YES;
				SWIFT_APPROACHABLE_CONCURRENCY = YES;
				SWIFT_DEFAULT_ACTOR_ISOLATION = MainActor;
				SWIFT_UPCOMING_FEATURE_MEMBER_IMPORT_VISIBILITY = YES;
				SWIFT_VERSION = 5.0;
				TARGETED_DEVICE_FAMILY = "1,2";
				TEST_HOST = "$(BUILT_PRODUCTS_DIR)/AllerScan.app/$(BUNDLE_EXECUTABLE_FOLDER_PATH)/AllerScan";
			};
			name = Release;
		};
		F6D0001B2F8B700000D70577 /* Debug */ = {
			isa = XCBuildConfiguration;
			buildSettings = {
				CODE_SIGN_STYLE = Automatic;
				CURRENT_PROJECT_VERSION = 1;
				GENERATE_INFOPLIST_FILE = YES;
				IPHONEOS_DEPLOYMENT_TARGET = 26.2;
				MARKETING_VERSION = 1.0;
				PRODUCT_BUNDLE_IDENTIFIER = gimz.AllerScanUITests;
				PRODUCT_NAME = "$(TARGET_NAME)";
				STRING_CATALOG_GENERATE_SYMBOLS = YES;
				SWIFT_APPROACHABLE_CONCURRENCY = YES;
				SWIFT_DEFAULT_ACTOR_ISOLATION = MainActor;
				SWIFT_UPCOMING_FEATURE_MEMBER_IMPORT_VISIBILITY = YES;
				SWIFT_VERSION = 5.0;
				TARGETED_DEVICE_FAMILY = "1,2";
				TEST_TARGET_NAME = AllerScan;
			};
			name = Debug;
		};
		F6D0001C2F8B700000D70577 /* Release */ = {
			isa = XCBuildConfiguration;
			buildSettings = {
				CODE_SIGN_STYLE = Automatic;
				CURRENT_PROJECT_VERSION = 1;
				GENERATE_INFOPLIST_FILE = YES;
				IPHONEOS_DEPLOYMENT_TARGET = 26.2;
				MARKETING_VERSION = 1.0;
				PRODUCT_BUNDLE_IDENTIFIER = gimz.AllerScanUITests;
				PRODUCT_NAME = "$(TARGET_NAME)";
				STRING_CATALOG_GENERATE_SYMBOLS = YES;
				SWIFT_APPROACHABLE_CONCURRENCY = YES;
				SWIFT_DEFAULT_ACTOR_ISOLATION = MainActor;
				SWIFT_UPCOMING_FEATURE_MEMBER_IMPORT_VISIBILITY = YES;
				SWIFT_VERSION = 5.0;
				TARGETED_DEVICE_FAMILY = "1,2";
				TEST_TARGET_NAME = AllerScan;
			};
			name = Release;
		};
/* End XCBuildConfiguration section */

/* Begin XCConfigurationList section */
		F6BD540C2F8B683D00D70577 /* Build configuration list for PBXProject "AllerScan" */ = {
			isa = XCConfigurationList;
			buildConfigurations = (
				F6BD541A2F8B683D00D70577 /* Debug */,
				F6BD541B2F8B683D00D70577 /* Release */,
			);
			defaultConfigurationIsVisible = 0;
			defaultConfigurationName = Release;
		};
		F6BD541C2F8B683D00D70577 /* Build configuration list for PBXNativeTarget "AllerScan" */ = {
			isa = XCConfigurationList;
			buildConfigurations = (
				F6BD541D2F8B683D00D70577 /* Debug */,
				F6BD541E2F8B683D00D70577 /* Release */,
			);
			defaultConfigurationIsVisible = 0;
			defaultConfigurationName = Release;
		};
		F6D000172F8B700000D70577 /* Build configuration list for PBXNativeTarget "AllerScanTests" */ = {
			isa = XCConfigurationList;
			buildConfigurations = (
				F6D000182F8B700000D70577 /* Debug */,
				F6D000192F8B700000D70577 /* Release */,
			);
			defaultConfigurationIsVisible = 0;
			defaultConfigurationName = Release;
		};
		F6D0001A2F8B700000D70577 /* Build configuration list for PBXNativeTarget "AllerScanUITests" */ = {
			isa = XCConfigurationList;
			buildConfigurations = (
				F6D0001B2F8B700000D70577 /* Debug */,
				F6D0001C2F8B700000D70577 /* Release */,
			);
			defaultConfigurationIsVisible = 0;
			defaultConfigurationName = Release;
		};
/* End XCConfigurationList section */

/* Begin XCRemoteSwiftPackageReference section */
		F6660CD52FAE43D70052197E /* XCRemoteSwiftPackageReference "firebase-ios-sdk" */ = {
			isa = XCRemoteSwiftPackageReference;
			repositoryURL = "https://github.com/firebase/firebase-ios-sdk";
			requirement = {
				kind = upToNextMajorVersion;
				minimumVersion = 12.13.0;
			};
		};
/* End XCRemoteSwiftPackageReference section */

/* Begin XCSwiftPackageProductDependency section */
		F6660CD62FAE43D70052197E /* FirebaseAuth */ = {
			isa = XCSwiftPackageProductDependency;
			package = F6660CD52FAE43D70052197E /* XCRemoteSwiftPackageReference "firebase-ios-sdk" */;
			productName = FirebaseAuth;
		};
		F6660CD82FAE43D70052197E /* FirebaseFirestore */ = {
			isa = XCSwiftPackageProductDependency;
			package = F6660CD52FAE43D70052197E /* XCRemoteSwiftPackageReference "firebase-ios-sdk" */;
			productName = FirebaseFirestore;
		};
		F6660CDD2FAE47F90052197E /* FirebaseCore */ = {
			isa = XCSwiftPackageProductDependency;
			package = F6660CD52FAE43D70052197E /* XCRemoteSwiftPackageReference "firebase-ios-sdk" */;
			productName = FirebaseCore;
		};
/* End XCSwiftPackageProductDependency section */
	};
	rootObject = F6BD54092F8B683D00D70577 /* Project object */;
}
